
Microsoft Visual Studio Solution File, Format Version 12.00
# Visual Studio Version 17
VisualStudioVersion = 17.9.34728.123
MinimumVisualStudioVersion = 10.0.40219.1
Project("{FAE04EC0-301F-11D3-BF4B-00C04F79EFBC}") = "DownPlay", "DownPlay\DownPlay.csproj", "{65113611-AD81-4117-BEF6-37ABE26F749A}"
EndProject
Global
	GlobalSection(SolutionConfigurationPlatforms) = preSolution
		Debug|Any CPU = Debug|Any CPU
		Release|Any CPU = Release|Any CPU
	EndGlobalSection
	GlobalSection(ProjectConfigurationPlatforms) = postSolution
		{65113611-AD81-4117-BEF6-37ABE26F749A}.Debug|Any CPU.ActiveCfg = Debug|Any CPU
		{65113611-AD81-4117-BEF6-37ABE26F749A}.Debug|Any CPU.Build.0 = Debug|Any CPU
		{65113611-AD81-4117-BEF6-37ABE26F749A}.Release|Any CPU.ActiveCfg = Release|Any CPU
		{65113611-AD81-4117-BEF6-37ABE26F749A}.Release|Any CPU.Build.0 = Release|Any CPU
	EndGlobalSection
	GlobalSection(SolutionProperties) = preSolution
		HideSolutionNode = FALSE
	EndGlobalSection
	GlobalSection(ExtensibilityGlobals) = postSolution
		SolutionGuid = {63FA9E99-2777-4220-BE81-CA4EBB9AAF61}
	EndGlobalSection
EndGlobal
